// !$*UTF8*$!
{
	archiveVersion = 1;
	classes = {
	};
	objectVersion = 50;
	objects = {

/* Begin PBXBuildFile section */
		448E46BA20B7FAFD000C4521 /* Assets.xcassets in Resources */ = {isa = PBXBuildFile; fileRef = 448E46B920B7FAFD000C4521 /* Assets.xcassets */; };
		448E46BD20B7FAFD000C4521 /* LaunchScreen.storyboard in Resources */ = {isa = PBXBuildFile; fileRef = 448E46BB20B7FAFD000C4521 /* LaunchScreen.storyboard */; };
		448E46C020B7FAFD000C4521 /* main.m in Sources */ = {isa = PBXBuildFile; fileRef = 448E46BF20B7FAFD000C4521 /* main.m */; };
		448E46D820B7FF40000C4521 /* AppDelegate.m in Sources */ = {isa = PBXBuildFile; fileRef = 448E46D320B7FF3F000C4521 /* AppDelegate.m */; };
		448E46D920B7FF40000C4521 /* DWBaseAppDelegate.m in Sources */ = {isa = PBXBuildFile; fileRef = 448E46D420B7FF3F000C4521 /* DWBaseAppDelegate.m */; };
		448E46DA20B7FF40000C4521 /* DWNavigationController.m in Sources */ = {isa = PBXBuildFile; fileRef = 448E46D620B7FF40000C4521 /* DWNavigationController.m */; };
		448E46E320B80535000C4521 /* DWMainTabViewController.m in Sources */ = {isa = PBXBuildFile; fileRef = 448E46E220B80535000C4521 /* DWMainTabViewController.m */; };
		448E46E620B80639000C4521 /* DWViewController.m in Sources */ = {isa = PBXBuildFile; fileRef = 448E46E520B80639000C4521 /* DWViewController.m */; };
/* End PBXBuildFile section */

/* Begin PBXFileReference section */
		448E46AD20B7FAFD000C4521 /* DouWu.app */ = {isa = PBXFileReference; explicitFileType = wrapper.application; includeInIndex = 0; path = DouWu.app; sourceTree = BUILT_PRODUCTS_DIR; };
		448E46B920B7FAFD000C4521 /* Assets.xcassets */ = {isa = PBXFileReference; lastKnownFileType = folder.assetcatalog; path = Assets.xcassets; sourceTree = "<group>"; };
		448E46BC20B7FAFD000C4521 /* Base */ = {isa = PBXFileReference; lastKnownFileType = file.storyboard; name = Base; path = Base.lproj/LaunchScreen.storyboard; sourceTree = "<group>"; };
		448E46BE20B7FAFD000C4521 /* Info.plist */ = {isa = PBXFileReference; lastKnownFileType = text.plist.xml; path = Info.plist; sourceTree = "<group>"; };
		448E46BF20B7FAFD000C4521 /* main.m */ = {isa = PBXFileReference; lastKnownFileType = sourcecode.c.objc; path = main.m; sourceTree = "<group>"; };
		448E46CF20B7FE54000C4521 /* PrefixHeader.pch */ = {isa = PBXFileReference; lastKnownFileType = sourcecode.c.h; path = PrefixHeader.pch; sourceTree = "<group>"; };
		448E46D120B7FF3F000C4521 /* AppDelegate.h */ = {isa = PBXFileReference; fileEncoding = 4; lastKnownFileType = sourcecode.c.h; path = AppDelegate.h; sourceTree = "<group>"; };
		448E46D220B7FF3F000C4521 /* DWBaseAppDelegate.h */ = {isa = PBXFileReference; fileEncoding = 4; lastKnownFileType = sourcecode.c.h; path = DWBaseAppDelegate.h; sourceTree = "<group>"; };
		448E46D320B7FF3F000C4521 /* AppDelegate.m */ = {isa = PBXFileReference; fileEncoding = 4; lastKnownFileType = sourcecode.c.objc; path = AppDelegate.m; sourceTree = "<group>"; };
		448E46D420B7FF3F000C4521 /* DWBaseAppDelegate.m */ = {isa = PBXFileReference; fileEncoding = 4; lastKnownFileType = sourcecode.c.objc; path = DWBaseAppDelegate.m; sourceTree = "<group>"; };
		448E46D620B7FF40000C4521 /* DWNavigationController.m */ = {isa = PBXFileReference; fileEncoding = 4; lastKnownFileType = sourcecode.c.objc; path = DWNavigationController.m; sourceTree = "<group>"; };
		448E46D720B7FF40000C4521 /* DWNavigationController.h */ = {isa = PBXFileReference; fileEncoding = 4; lastKnownFileType = sourcecode.c.h; path = DWNavigationController.h; sourceTree = "<group>"; };
		448E46E120B80535000C4521 /* DWMainTabViewController.h */ = {isa = PBXFileReference; lastKnownFileType = sourcecode.c.h; path = DWMainTabViewController.h; sourceTree = "<group>"; };
		448E46E220B80535000C4521 /* DWMainTabViewController.m */ = {isa = PBXFileReference; lastKnownFileType = sourcecode.c.objc; path = DWMainTabViewController.m; sourceTree = "<group>"; };
		448E46E420B80639000C4521 /* DWViewController.h */ = {isa = PBXFileReference; lastKnownFileType = sourcecode.c.h; path = DWViewController.h; sourceTree = "<group>"; };
		448E46E520B80639000C4521 /* DWViewController.m */ = {isa = PBXFileReference; lastKnownFileType = sourcecode.c.objc; path = DWViewController.m; sourceTree = "<group>"; };
/* End PBXFileReference section */

/* Begin PBXFrameworksBuildPhase section */
		448E46AA20B7FAFD000C4521 /* Frameworks */ = {
			isa = PBXFrameworksBuildPhase;
			buildActionMask = 2147483647;
			files = (
			);
			runOnlyForDeploymentPostprocessing = 0;
		};
/* End PBXFrameworksBuildPhase section */

/* Begin PBXGroup section */
		448E46A420B7FAFD000C4521 = {
			isa = PBXGroup;
			children = (
				448E46AF20B7FAFD000C4521 /* DouWu */,
				448E46AE20B7FAFD000C4521 /* Products */,
			);
			sourceTree = "<group>";
		};
		448E46AE20B7FAFD000C4521 /* Products */ = {
			isa = PBXGroup;
			children = (
				448E46AD20B7FAFD000C4521 /* DouWu.app */,
			);
			name = Products;
			sourceTree = "<group>";
		};
		448E46AF20B7FAFD000C4521 /* DouWu */ = {
			isa = PBXGroup;
			children = (
				448E46D020B7FF3F000C4521 /* App */,
				448E46DD20B8044F000C4521 /* Main */,
				448E46D520B7FF40000C4521 /* Common */,
				448E46DB20B8020F000C4521 /* Utils */,
				448E46CE20B7FDCC000C4521 /* Supporting Files */,
				448E46B920B7FAFD000C4521 /* Assets.xcassets */,
				448E46BB20B7FAFD000C4521 /* LaunchScreen.storyboard */,
			);
			path = DouWu;
			sourceTree = "<group>";
		};
		448E46CE20B7FDCC000C4521 /* Supporting Files */ = {
			isa = PBXGroup;
			children = (
				448E46BE20B7FAFD000C4521 /* Info.plist */,
				448E46BF20B7FAFD000C4521 /* main.m */,
				448E46CF20B7FE54000C4521 /* PrefixHeader.pch */,
			);
			name = "Supporting Files";
			sourceTree = "<group>";
		};
		448E46D020B7FF3F000C4521 /* App */ = {
			isa = PBXGroup;
			children = (
				448E46D120B7FF3F000C4521 /* AppDelegate.h */,
				448E46D320B7FF3F000C4521 /* AppDelegate.m */,
				448E46D220B7FF3F000C4521 /* DWBaseAppDelegate.h */,
				448E46D420B7FF3F000C4521 /* DWBaseAppDelegate.m */,
			);
			name = App;
			path = Classes/App;
			sourceTree = "<group>";
		};
		448E46D520B7FF40000C4521 /* Common */ = {
			isa = PBXGroup;
			children = (
				448E46E420B80639000C4521 /* DWViewController.h */,
				448E46E520B80639000C4521 /* DWViewController.m */,
				448E46D720B7FF40000C4521 /* DWNavigationController.h */,
				448E46D620B7FF40000C4521 /* DWNavigationController.m */,
			);
			name = Common;
			path = Classes/Common;
			sourceTree = "<group>";
		};
		448E46DB20B8020F000C4521 /* Utils */ = {
			isa = PBXGroup;
			children = (
			);
			path = Utils;
			sourceTree = "<group>";
		};
		448E46DD20B8044F000C4521 /* Main */ = {
			isa = PBXGroup;
			children = (
				448E46E120B80535000C4521 /* DWMainTabViewController.h */,
				448E46E220B80535000C4521 /* DWMainTabViewController.m */,
			);
			path = Main;
			sourceTree = "<group>";
		};
/* End PBXGroup section */

/* Begin PBXNativeTarget section */
		448E46AC20B7FAFD000C4521 /* DouWu */ = {
			isa = PBXNativeTarget;
			buildConfigurationList = 448E46C320B7FAFD000C4521 /* Build configuration list for PBXNativeTarget "DouWu" */;
			buildPhases = (
				448E46A920B7FAFD000C4521 /* Sources */,
				448E46AA20B7FAFD000C4521 /* Frameworks */,
				448E46AB20B7FAFD000C4521 /* Resources */,
			);
			buildRules = (
			);
			dependencies = (
			);
			name = DouWu;
			productName = DouWu;
			productReference = 448E46AD20B7FAFD000C4521 /* DouWu.app */;
			productType = "com.apple.product-type.application";
		};
/* End PBXNativeTarget section */

/* Begin PBXProject section */
		448E46A520B7FAFD000C4521 /* Project object */ = {
			isa = PBXProject;
			attributes = {
				CLASSPREFIX = DW;
				LastUpgradeCheck = 0930;
				ORGANIZATIONNAME = fk;
				TargetAttributes = {
					448E46AC20B7FAFD000C4521 = {
						CreatedOnToolsVersion = 9.3.1;
					};
				};
			};
			buildConfigurationList = 448E46A820B7FAFD000C4521 /* Build configuration list for PBXProject "DouWu" */;
			compatibilityVersion = "Xcode 9.3";
			developmentRegion = en;
			hasScannedForEncodings = 0;
			knownRegions = (
				en,
				Base,
			);
			mainGroup = 448E46A420B7FAFD000C4521;
			productRefGroup = 448E46AE20B7FAFD000C4521 /* Products */;
			projectDirPath = "";
			projectRoot = "";
			targets = (
				448E46AC20B7FAFD000C4521 /* DouWu */,
			);
		};
/* End PBXProject section */

/* Begin PBXResourcesBuildPhase section */
		448E46AB20B7FAFD000C4521 /* Resources */ = {
			isa = PBXResourcesBuildPhase;
			buildActionMask = 2147483647;
			files = (
				448E46BD20B7FAFD000C4521 /* LaunchScreen.storyboard in Resources */,
				448E46BA20B7FAFD000C4521 /* Assets.xcassets in Resources */,
			);
			runOnlyForDeploymentPostprocessing = 0;
		};
/* End PBXResourcesBuildPhase section */

/* Begin PBXSourcesBuildPhase section */
		448E46A920B7FAFD000C4521 /* Sources */ = {
			isa = PBXSourcesBuildPhase;
			buildActionMask = 2147483647;
			files = (
				448E46D920B7FF40000C4521 /* DWBaseAppDelegate.m in Sources */,
				448E46E620B80639000C4521 /* DWViewController.m in Sources */,
				448E46E320B80535000C4521 /* DWMainTabViewController.m in Sources */,
				448E46D820B7FF40000C4521 /* AppDelegate.m in Sources */,
				448E46DA20B7FF40000C4521 /* DWNavigationController.m in Sources */,
				448E46C020B7FAFD000C4521 /* main.m in Sources */,
			);
			runOnlyForDeploymentPostprocessing = 0;
		};
/* End PBXSourcesBuildPhase section */

/* Begin PBXVariantGroup section */
		448E46BB20B7FAFD000C4521 /* LaunchScreen.storyboard */ = {
			isa = PBXVariantGroup;
			children = (
				448E46BC20B7FAFD000C4521 /* Base */,
			);
			name = LaunchScreen.storyboard;
			sourceTree = "<group>";
		};
/* End PBXVariantGroup section */

/* Begin XCBuildConfiguration section */
		448E46C120B7FAFD000C4521 /* Debug */ = {
			isa = XCBuildConfiguration;
			buildSettings = {
				ALWAYS_SEARCH_USER_PATHS = NO;
				CLANG_ANALYZER_NONNULL = YES;
				CLANG_ANALYZER_NUMBER_OBJECT_CONVERSION = YES_AGGRESSIVE;
				CLANG_CXX_LANGUAGE_STANDARD = "gnu++14";
				CLANG_CXX_LIBRARY = "libc++";
				CLANG_ENABLE_MODULES = YES;
				CLANG_ENABLE_OBJC_ARC = YES;
				CLANG_ENABLE_OBJC_WEAK = YES;
				CLANG_WARN_BLOCK_CAPTURE_AUTORELEASING = YES;
				CLANG_WARN_BOOL_CONVERSION = YES;
				CLANG_WARN_COMMA = YES;
				CLANG_WARN_CONSTANT_CONVERSION = YES;
				CLANG_WARN_DEPRECATED_OBJC_IMPLEMENTATIONS = YES;
				CLANG_WARN_DIRECT_OBJC_ISA_USAGE = YES_ERROR;
				CLANG_WARN_DOCUMENTATION_COMMENTS = YES;
				CLANG_WARN_EMPTY_BODY = YES;
				CLANG_WARN_ENUM_CONVERSION = YES;
				CLANG_WARN_INFINITE_RECURSION = YES;
				CLANG_WARN_INT_CONVERSION = YES;
				CLANG_WARN_NON_LITERAL_NULL_CONVERSION = YES;
				CLANG_WARN_OBJC_IMPLICIT_RETAIN_SELF = YES;
				CLANG_WARN_OBJC_LITERAL_CONVERSION = YES;
				CLANG_WARN_OBJC_ROOT_CLASS = YES_ERROR;
				CLANG_WARN_RANGE_LOOP_ANALYSIS = YES;
				CLANG_WARN_STRICT_PROTOTYPES = YES;
				CLANG_WARN_SUSPICIOUS_MOVE = YES;
				CLANG_WARN_UNGUARDED_AVAILABILITY = YES_AGGRESSIVE;
				CLANG_WARN_UNREACHABLE_CODE = YES;
				CLANG_WARN__DUPLICATE_METHOD_MATCH = YES;
				CODE_SIGN_IDENTITY = "iPhone Developer";
				COPY_PHASE_STRIP = NO;
				DEBUG_INFORMATION_FORMAT = dwarf;
				ENABLE_STRICT_OBJC_MSGSEND = YES;
				ENABLE_TESTABILITY = YES;
				GCC_C_LANGUAGE_STANDARD = gnu11;
				GCC_DYNAMIC_NO_PIC = NO;
				GCC_NO_COMMON_BLOCKS = YES;
				GCC_OPTIMIZATION_LEVEL = 0;
				GCC_PREPROCESSOR_DEFINITIONS = (
					"DEBUG=1",
					"$(inherited)",
				);
				GCC_WARN_64_TO_32_BIT_CONVERSION = YES;
				GCC_WARN_ABOUT_RETURN_TYPE = YES_ERROR;
				GCC_WARN_UNDECLARED_SELECTOR = YES;
				GCC_WARN_UNINITIALIZED_AUTOS = YES_AGGRESSIVE;
				GCC_WARN_UNUSED_FUNCTION = YES;
				GCC_WARN_UNUSED_VARIABLE = YES;
				IPHONEOS_DEPLOYMENT_TARGET = 11.3;
				MTL_ENABLE_DEBUG_INFO = YES;
				ONLY_ACTIVE_ARCH = YES;
				SDKROOT = iphoneos;
			};
			name = Debug;
		};
		448E46C220B7FAFD000C4521 /* Release */ = {
			isa = XCBuildConfiguration;
			buildSettings = {
				ALWAYS_SEARCH_USER_PATHS = NO;
				CLANG_ANALYZER_NONNULL = YES;
				CLANG_ANALYZER_NUMBER_OBJECT_CONVERSION = YES_AGGRESSIVE;
				CLANG_CXX_LANGUAGE_STANDARD = "gnu++14";
				CLANG_CXX_LIBRARY = "libc++";
				CLANG_ENABLE_MODULES = YES;
				CLANG_ENABLE_OBJC_ARC = YES;
				CLANG_ENABLE_OBJC_WEAK = YES;
				CLANG_WARN_BLOCK_CAPTURE_AUTORELEASING = YES;
				CLANG_WARN_BOOL_CONVERSION = YES;
				CLANG_WARN_COMMA = YES;
				CLANG_WARN_CONSTANT_CONVERSION = YES;
				CLANG_WARN_DEPRECATED_OBJC_IMPLEMENTATIONS = YES;
				CLANG_WARN_DIRECT_OBJC_ISA_USAGE = YES_ERROR;
				CLANG_WARN_DOCUMENTATION_COMMENTS = YES;
				CLANG_WARN_EMPTY_BODY = YES;
				CLANG_WARN_ENUM_CONVERSION = YES;
				CLANG_WARN_INFINITE_RECURSION = YES;
				CLANG_WARN_INT_CONVERSION = YES;
				CLANG_WARN_NON_LITERAL_NULL_CONVERSION = YES;
				CLANG_WARN_OBJC_IMPLICIT_RETAIN_SELF = YES;
				CLANG_WARN_OBJC_LITERAL_CONVERSION = YES;
				CLANG_WARN_OBJC_ROOT_CLASS = YES_ERROR;
				CLANG_WARN_RANGE_LOOP_ANALYSIS = YES;
				CLANG_WARN_STRICT_PROTOTYPES = YES;
				CLANG_WARN_SUSPICIOUS_MOVE = YES;
				CLANG_WARN_UNGUARDED_AVAILABILITY = YES_AGGRESSIVE;
				CLANG_WARN_UNREACHABLE_CODE = YES;
				CLANG_WARN__DUPLICATE_METHOD_MATCH = YES;
				CODE_SIGN_IDENTITY = "iPhone Developer";
				COPY_PHASE_STRIP = NO;
				DEBUG_INFORMATION_FORMAT = "dwarf-with-dsym";
				ENABLE_NS_ASSERTIONS = NO;
				ENABLE_STRICT_OBJC_MSGSEND = YES;
				GCC_C_LANGUAGE_STANDARD = gnu11;
				GCC_NO_COMMON_BLOCKS = YES;
				GCC_WARN_64_TO_32_BIT_CONVERSION = YES;
				GCC_WARN_ABOUT_RETURN_TYPE = YES_ERROR;
				GCC_WARN_UNDECLARED_SELECTOR = YES;
				GCC_WARN_UNINITIALIZED_AUTOS = YES_AGGRESSIVE;
				GCC_WARN_UNUSED_FUNCTION = YES;
				GCC_WARN_UNUSED_VARIABLE = YES;
				IPHONEOS_DEPLOYMENT_TARGET = 11.3;
				MTL_ENABLE_DEBUG_INFO = NO;
				SDKROOT = iphoneos;
				VALIDATE_PRODUCT = YES;
			};
			name = Release;
		};
		448E46C420B7FAFD000C4521 /* Debug */ = {
			isa = XCBuildConfiguration;
			buildSettings = {
				ASSETCATALOG_COMPILER_APPICON_NAME = AppIcon;
				CODE_SIGN_STYLE = Automatic;
				DEVELOPMENT_TEAM = JC5ZKJT82S;
				GCC_PRECOMPILE_PREFIX_HEADER = YES;
				GCC_PREFIX_HEADER = "$(SRCROOT)/DouWu/PrefixHeader.pch";
				INFOPLIST_FILE = DouWu/Info.plist;
				LD_RUNPATH_SEARCH_PATHS = (
					"$(inherited)",
					"@executable_path/Frameworks",
				);
				PRODUCT_BUNDLE_IDENTIFIER = FK.DouWu;
				PRODUCT_NAME = "$(TARGET_NAME)";
				TARGETED_DEVICE_FAMILY = 1;
			};
			name = Debug;
		};
		448E46C520B7FAFD000C4521 /* Release */ = {
			isa = XCBuildConfiguration;
			buildSettings = {
				ASSETCATALOG_COMPILER_APPICON_NAME = AppIcon;
				CODE_SIGN_STYLE = Automatic;
				DEVELOPMENT_TEAM = JC5ZKJT82S;
				GCC_PRECOMPILE_PREFIX_HEADER = YES;
				GCC_PREFIX_HEADER = "$(SRCROOT)/DouWu/PrefixHeader.pch";
				INFOPLIST_FILE = DouWu/Info.plist;
				LD_RUNPATH_SEARCH_PATHS = (
					"$(inherited)",
					"@executable_path/Frameworks",
				);
				PRODUCT_BUNDLE_IDENTIFIER = FK.DouWu;
				PRODUCT_NAME = "$(TARGET_NAME)";
				TARGETED_DEVICE_FAMILY = 1;
			};
			name = Release;
		};
/* End XCBuildConfiguration section */

/* Begin XCConfigurationList section */
		448E46A820B7FAFD000C4521 /* Build configuration list for PBXProject "DouWu" */ = {
			isa = XCConfigurationList;
			buildConfigurations = (
				448E46C120B7FAFD000C4521 /* Debug */,
				448E46C220B7FAFD000C4521 /* Release */,
			);
			defaultConfigurationIsVisible = 0;
			defaultConfigurationName = Release;
		};
		448E46C320B7FAFD000C4521 /* Build configuration list for PBXNativeTarget "DouWu" */ = {
			isa = XCConfigurationList;
			buildConfigurations = (
				448E46C420B7FAFD000C4521 /* Debug */,
				448E46C520B7FAFD000C4521 /* Release */,
			);
			defaultConfigurationIsVisible = 0;
			defaultConfigurationName = Release;
		};
/* End XCConfigurationList section */
	};
	rootObject = 448E46A520B7FAFD000C4521 /* Project object */;
}
